// !$*UTF8*$!
{
	archiveVersion = 1;
	classes = {
	};
	objectVersion = 46;
	objects = {

/* Begin PBXBuildFile section */
		222121191E4AC936006A7D60 /* AppDelegate.swift in Sources */ = {isa = PBXBuildFile; fileRef = 222121181E4AC936006A7D60 /* AppDelegate.swift */; };
		2221211B1E4AC936006A7D60 /* ViewController.swift in Sources */ = {isa = PBXBuildFile; fileRef = 2221211A1E4AC936006A7D60 /* ViewController.swift */; };
		2221211D1E4AC936006A7D60 /* Assets.xcassets in Resources */ = {isa = PBXBuildFile; fileRef = 2221211C1E4AC936006A7D60 /* Assets.xcassets */; };
		222121201E4AC936006A7D60 /* Main.storyboard in Resources */ = {isa = PBXBuildFile; fileRef = 2221211E1E4AC936006A7D60 /* Main.storyboard */; };
		229CD3E61E4FDEB800E72EA7 /* Model.xcdatamodeld in Resources */ = {isa = PBXBuildFile; fileRef = 229CD3E41E4FDEB800E72EA7 /* Model.xcdatamodeld */; };
		229CD3E81E4FDF0700E72EA7 /* NSManagedObjectContext+Extensions.swift in Sources */ = {isa = PBXBuildFile; fileRef = 229CD3E71E4FDF0700E72EA7 /* NSManagedObjectContext+Extensions.swift */; };
		229CD3EB1E4FDFFC00E72EA7 /* Thing+CoreDataClass.swift in Sources */ = {isa = PBXBuildFile; fileRef = 229CD3E91E4FDFFC00E72EA7 /* Thing+CoreDataClass.swift */; };
		229CD3EC1E4FDFFC00E72EA7 /* Thing+CoreDataProperties.swift in Sources */ = {isa = PBXBuildFile; fileRef = 229CD3EA1E4FDFFC00E72EA7 /* Thing+CoreDataProperties.swift */; };
/* End PBXBuildFile section */

/* Begin PBXFileReference section */
		222121151E4AC936006A7D60 /* FRCDelegateTester.app */ = {isa = PBXFileReference; explicitFileType = wrapper.application; includeInIndex = 0; path = FRCDelegateTester.app; sourceTree = BUILT_PRODUCTS_DIR; };
		222121181E4AC936006A7D60 /* AppDelegate.swift */ = {isa = PBXFileReference; lastKnownFileType = sourcecode.swift; path = AppDelegate.swift; sourceTree = "<group>"; };
		2221211A1E4AC936006A7D60 /* ViewController.swift */ = {isa = PBXFileReference; lastKnownFileType = sourcecode.swift; path = ViewController.swift; sourceTree = "<group>"; };
		2221211C1E4AC936006A7D60 /* Assets.xcassets */ = {isa = PBXFileReference; lastKnownFileType = folder.assetcatalog; path = Assets.xcassets; sourceTree = "<group>"; };
		2221211F1E4AC936006A7D60 /* Base */ = {isa = PBXFileReference; lastKnownFileType = file.storyboard; name = Base; path = Base.lproj/Main.storyboard; sourceTree = "<group>"; };
		222121211E4AC936006A7D60 /* Info.plist */ = {isa = PBXFileReference; lastKnownFileType = text.plist.xml; path = Info.plist; sourceTree = "<group>"; };
		229CD3E51E4FDEB800E72EA7 /* Model.xcdatamodel */ = {isa = PBXFileReference; lastKnownFileType = wrapper.xcdatamodel; path = Model.xcdatamodel; sourceTree = "<group>"; };
		229CD3E71E4FDF0700E72EA7 /* NSManagedObjectContext+Extensions.swift */ = {isa = PBXFileReference; fileEncoding = 4; lastKnownFileType = sourcecode.swift; path = "NSManagedObjectContext+Extensions.swift"; sourceTree = "<group>"; };
		229CD3E91E4FDFFC00E72EA7 /* Thing+CoreDataClass.swift */ = {isa = PBXFileReference; fileEncoding = 4; lastKnownFileType = sourcecode.swift; path = "Thing+CoreDataClass.swift"; sourceTree = "<group>"; };
		229CD3EA1E4FDFFC00E72EA7 /* Thing+CoreDataProperties.swift */ = {isa = PBXFileReference; fileEncoding = 4; lastKnownFileType = sourcecode.swift; path = "Thing+CoreDataProperties.swift"; sourceTree = "<group>"; };
/* End PBXFileReference section */

/* Begin PBXFrameworksBuildPhase section */
		222121121E4AC936006A7D60 /* Frameworks */ = {
			isa = PBXFrameworksBuildPhase;
			buildActionMask = 2147483647;
			files = (
			);
			runOnlyForDeploymentPostprocessing = 0;
		};
/* End PBXFrameworksBuildPhase section */

/* Begin PBXGroup section */
		2221210C1E4AC936006A7D60 = {
			isa = PBXGroup;
			children = (
				222121171E4AC936006A7D60 /* FRCDelegateTester */,
				222121161E4AC936006A7D60 /* Products */,
			);
			sourceTree = "<group>";
		};
		222121161E4AC936006A7D60 /* Products */ = {
			isa = PBXGroup;
			children = (
				222121151E4AC936006A7D60 /* FRCDelegateTester.app */,
			);
			name = Products;
			sourceTree = "<group>";
		};
		222121171E4AC936006A7D60 /* FRCDelegateTester */ = {
			isa = PBXGroup;
			children = (
				222121181E4AC936006A7D60 /* AppDelegate.swift */,
				2221211A1E4AC936006A7D60 /* ViewController.swift */,
				229CD3E71E4FDF0700E72EA7 /* NSManagedObjectContext+Extensions.swift */,
				229CD3E91E4FDFFC00E72EA7 /* Thing+CoreDataClass.swift */,
				229CD3EA1E4FDFFC00E72EA7 /* Thing+CoreDataProperties.swift */,
				2221211C1E4AC936006A7D60 /* Assets.xcassets */,
				2221211E1E4AC936006A7D60 /* Main.storyboard */,
				229CD3E41E4FDEB800E72EA7 /* Model.xcdatamodeld */,
				222121211E4AC936006A7D60 /* Info.plist */,
			);
			path = FRCDelegateTester;
			sourceTree = "<group>";
		};
/* End PBXGroup section */

/* Begin PBXNativeTarget section */
		222121141E4AC936006A7D60 /* FRCDelegateTester */ = {
			isa = PBXNativeTarget;
			buildConfigurationList = 222121241E4AC936006A7D60 /* Build configuration list for PBXNativeTarget "FRCDelegateTester" */;
			buildPhases = (
				222121111E4AC936006A7D60 /* Sources */,
				222121121E4AC936006A7D60 /* Frameworks */,
				222121131E4AC936006A7D60 /* Resources */,
			);
			buildRules = (
			);
			dependencies = (
			);
			name = FRCDelegateTester;
			productName = FRCDelegateTester;
			productReference = 222121151E4AC936006A7D60 /* FRCDelegateTester.app */;
			productType = "com.apple.product-type.application";
		};
/* End PBXNativeTarget section */

/* Begin PBXProject section */
		2221210D1E4AC936006A7D60 /* Project object */ = {
			isa = PBXProject;
			attributes = {
				LastSwiftUpdateCheck = 0830;
				LastUpgradeCheck = 0830;
				ORGANIZATIONNAME = "Tim Ekl";
				TargetAttributes = {
					222121141E4AC936006A7D60 = {
						CreatedOnToolsVersion = 8.3;
						DevelopmentTeam = 888CL5L8M4;
						ProvisioningStyle = Automatic;
					};
				};
			};
			buildConfigurationList = 222121101E4AC936006A7D60 /* Build configuration list for PBXProject "FRCDelegateTester" */;
			compatibilityVersion = "Xcode 3.2";
			developmentRegion = English;
			hasScannedForEncodings = 0;
			knownRegions = (
				en,
				Base,
			);
			mainGroup = 2221210C1E4AC936006A7D60;
			productRefGroup = 222121161E4AC936006A7D60 /* Products */;
			projectDirPath = "";
			projectRoot = "";
			targets = (
				222121141E4AC936006A7D60 /* FRCDelegateTester */,
			);
		};
/* End PBXProject section */

/* Begin PBXResourcesBuildPhase section */
		222121131E4AC936006A7D60 /* Resources */ = {
			isa = PBXResourcesBuildPhase;
			buildActionMask = 2147483647;
			files = (
				2221211D1E4AC936006A7D60 /* Assets.xcassets in Resources */,
				222121201E4AC936006A7D60 /* Main.storyboard in Resources */,
				229CD3E61E4FDEB800E72EA7 /* Model.xcdatamodeld in Resources */,
			);
			runOnlyForDeploymentPostprocessing = 0;
		};
/* End PBXResourcesBuildPhase section */

/* Begin PBXSourcesBuildPhase section */
		222121111E4AC936006A7D60 /* Sources */ = {
			isa = PBXSourcesBuildPhase;
			buildActionMask = 2147483647;
			files = (
				2221211B1E4AC936006A7D60 /* ViewController.swift in Sources */,
				222121191E4AC936006A7D60 /* AppDelegate.swift in Sources */,
				229CD3EB1E4FDFFC00E72EA7 /* Thing+CoreDataClass.swift in Sources */,
				229CD3EC1E4FDFFC00E72EA7 /* Thing+CoreDataProperties.swift in Sources */,
				229CD3E81E4FDF0700E72EA7 /* NSManagedObjectContext+Extensions.swift in Sources */,
			);
			runOnlyForDeploymentPostprocessing = 0;
		};
/* End PBXSourcesBuildPhase section */

/* Begin PBXVariantGroup section */
		2221211E1E4AC936006A7D60 /* Main.storyboard */ = {
			isa = PBXVariantGroup;
			children = (
				2221211F1E4AC936006A7D60 /* Base */,
			);
			name = Main.storyboard;
			sourceTree = "<group>";
		};
/* End PBXVariantGroup section */

/* Begin XCBuildConfiguration section */
		222121221E4AC936006A7D60 /* Debug */ = {
			isa = XCBuildConfiguration;
			buildSettings = {
				ALWAYS_SEARCH_USER_PATHS = NO;
				CLANG_ANALYZER_NONNULL = YES;
				CLANG_ANALYZER_NUMBER_OBJECT_CONVERSION = YES_AGGRESSIVE;
				CLANG_CXX_LANGUAGE_STANDARD = "gnu++0x";
				CLANG_CXX_LIBRARY = "libc++";
				CLANG_ENABLE_MODULES = YES;
				CLANG_ENABLE_OBJC_ARC = YES;
				CLANG_WARN_BOOL_CONVERSION = YES;
				CLANG_WARN_CONSTANT_CONVERSION = YES;
				CLANG_WARN_DIRECT_OBJC_ISA_USAGE = YES_ERROR;
				CLANG_WARN_DOCUMENTATION_COMMENTS = YES;
				CLANG_WARN_EMPTY_BODY = YES;
				CLANG_WARN_ENUM_CONVERSION = YES;
				CLANG_WARN_INFINITE_RECURSION = YES;
				CLANG_WARN_INT_CONVERSION = YES;
				CLANG_WARN_OBJC_ROOT_CLASS = YES_ERROR;
				CLANG_WARN_SUSPICIOUS_MOVE = YES;
				CLANG_WARN_UNREACHABLE_CODE = YES;
				CLANG_WARN__DUPLICATE_METHOD_MATCH = YES;
				CODE_SIGN_IDENTITY = "-";
				COPY_PHASE_STRIP = NO;
				DEBUG_INFORMATION_FORMAT = dwarf;
				ENABLE_STRICT_OBJC_MSGSEND = YES;
				ENABLE_TESTABILITY = YES;
				GCC_C_LANGUAGE_STANDARD = gnu99;
				GCC_DYNAMIC_NO_PIC = NO;
				GCC_NO_COMMON_BLOCKS = YES;
				GCC_OPTIMIZATION_LEVEL = 0;
				GCC_PREPROCESSOR_DEFINITIONS = (
					"DEBUG=1",
					"$(inherited)",
				);
				GCC_WARN_64_TO_32_BIT_CONVERSION = YES;
				GCC_WARN_ABOUT_RETURN_TYPE = YES_ERROR;
				GCC_WARN_UNDECLARED_SELECTOR = YES;
				GCC_WARN_UNINITIALIZED_AUTOS = YES_AGGRESSIVE;
				GCC_WARN_UNUSED_FUNCTION = YES;
				GCC_WARN_UNUSED_VARIABLE = YES;
				MACOSX_DEPLOYMENT_TARGET = 10.12;
				MTL_ENABLE_DEBUG_INFO = YES;
				ONLY_ACTIVE_ARCH = YES;
				SDKROOT = macosx;
				SWIFT_ACTIVE_COMPILATION_CONDITIONS = DEBUG;
				SWIFT_OPTIMIZATION_LEVEL = "-Onone";
			};
			name = Debug;
		};
		222121231E4AC936006A7D60 /* Release */ = {
			isa = XCBuildConfiguration;
			buildSettings = {
				ALWAYS_SEARCH_USER_PATHS = NO;
				CLANG_ANALYZER_NONNULL = YES;
				CLANG_ANALYZER_NUMBER_OBJECT_CONVERSION = YES_AGGRESSIVE;
				CLANG_CXX_LANGUAGE_STANDARD = "gnu++0x";
				CLANG_CXX_LIBRARY = "libc++";
				CLANG_ENABLE_MODULES = YES;
				CLANG_ENABLE_OBJC_ARC = YES;
				CLANG_WARN_BOOL_CONVERSION = YES;
				CLANG_WARN_CONSTANT_CONVERSION = YES;
				CLANG_WARN_DIRECT_OBJC_ISA_USAGE = YES_ERROR;
				CLANG_WARN_DOCUMENTATION_COMMENTS = YES;
				CLANG_WARN_EMPTY_BODY = YES;
				CLANG_WARN_ENUM_CONVERSION = YES;
				CLANG_WARN_INFINITE_RECURSION = YES;
				CLANG_WARN_INT_CONVERSION = YES;
				CLANG_WARN_OBJC_ROOT_CLASS = YES_ERROR;
				CLANG_WARN_SUSPICIOUS_MOVE = YES;
				CLANG_WARN_UNREACHABLE_CODE = YES;
				CLANG_WARN__DUPLICATE_METHOD_MATCH = YES;
				CODE_SIGN_IDENTITY = "-";
				COPY_PHASE_STRIP = NO;
				DEBUG_INFORMATION_FORMAT = "dwarf-with-dsym";
				ENABLE_NS_ASSERTIONS = NO;
				ENABLE_STRICT_OBJC_MSGSEND = YES;
				GCC_C_LANGUAGE_STANDARD = gnu99;
				GCC_NO_COMMON_BLOCKS = YES;
				GCC_WARN_64_TO_32_BIT_CONVERSION = YES;
				GCC_WARN_ABOUT_RETURN_TYPE = YES_ERROR;
				GCC_WARN_UNDECLARED_SELECTOR = YES;
				GCC_WARN_UNINITIALIZED_AUTOS = YES_AGGRESSIVE;
				GCC_WARN_UNUSED_FUNCTION = YES;
				GCC_WARN_UNUSED_VARIABLE = YES;
				MACOSX_DEPLOYMENT_TARGET = 10.12;
				MTL_ENABLE_DEBUG_INFO = NO;
				SDKROOT = macosx;
				SWIFT_OPTIMIZATION_LEVEL = "-Owholemodule";
			};
			name = Release;
		};
		222121251E4AC936006A7D60 /* Debug */ = {
			isa = XCBuildConfiguration;
			buildSettings = {
				ASSETCATALOG_COMPILER_APPICON_NAME = AppIcon;
				COMBINE_HIDPI_IMAGES = YES;
				DEVELOPMENT_TEAM = 888CL5L8M4;
				INFOPLIST_FILE = FRCDelegateTester/Info.plist;
				LD_RUNPATH_SEARCH_PATHS = "$(inherited) @executable_path/../Frameworks";
				PRODUCT_BUNDLE_IDENTIFIER = com.lithium3141.FRCDelegateTester;
				PRODUCT_NAME = "$(TARGET_NAME)";
				SWIFT_VERSION = 3.0;
			};
			name = Debug;
		};
		222121261E4AC936006A7D60 /* Release */ = {
			isa = XCBuildConfiguration;
			buildSettings = {
				ASSETCATALOG_COMPILER_APPICON_NAME = AppIcon;
				COMBINE_HIDPI_IMAGES = YES;
				DEVELOPMENT_TEAM = 888CL5L8M4;
				INFOPLIST_FILE = FRCDelegateTester/Info.plist;
				LD_RUNPATH_SEARCH_PATHS = "$(inherited) @executable_path/../Frameworks";
				PRODUCT_BUNDLE_IDENTIFIER = com.lithium3141.FRCDelegateTester;
				PRODUCT_NAME = "$(TARGET_NAME)";
				SWIFT_VERSION = 3.0;
			};
			name = Release;
		};
/* End XCBuildConfiguration section */

/* Begin XCConfigurationList section */
		222121101E4AC936006A7D60 /* Build configuration list for PBXProject "FRCDelegateTester" */ = {
			isa = XCConfigurationList;
			buildConfigurations = (
				222121221E4AC936006A7D60 /* Debug */,
				222121231E4AC936006A7D60 /* Release */,
			);
			defaultConfigurationIsVisible = 0;
			defaultConfigurationName = Release;
		};
		222121241E4AC936006A7D60 /* Build configuration list for PBXNativeTarget "FRCDelegateTester" */ = {
			isa = XCConfigurationList;
			buildConfigurations = (
				222121251E4AC936006A7D60 /* Debug */,
				222121261E4AC936006A7D60 /* Release */,
			);
			defaultConfigurationIsVisible = 0;
			defaultConfigurationName = Release;
		};
/* End XCConfigurationList section */

/* Begin XCVersionGroup section */
		229CD3E41E4FDEB800E72EA7 /* Model.xcdatamodeld */ = {
			isa = XCVersionGroup;
			children = (
				229CD3E51E4FDEB800E72EA7 /* Model.xcdatamodel */,
			);
			currentVersion = 229CD3E51E4FDEB800E72EA7 /* Model.xcdatamodel */;
			path = Model.xcdatamodeld;
			sourceTree = "<group>";
			versionGroupType = wrapper.xcdatamodel;
		};
/* End XCVersionGroup section */
	};
	rootObject = 2221210D1E4AC936006A7D60 /* Project object */;
}
